
Microsoft Visual Studio Solution File, Format Version 12.00
# Visual Studio Version 16
VisualStudioVersion = 16.0.30503.244
MinimumVisualStudioVersion = 10.0.40219.1
Project("{FAE04EC0-301F-11D3-BF4B-00C04F79EFBC}") = "1_0_HelloWorld", "HelloWorld\1_0_HelloWorld.csproj", "{EA2CC564-E1E1-4421-88A8-4A7262D3FA66}"
EndProject
Project("{FAE04EC0-301F-11D3-BF4B-00C04F79EFBC}") = "1_1_MyCal", "1_1_MyCal\1_1_MyCal.csproj", "{AE042B7D-B0D6-44F3-B5A4-E855FA432C11}"
EndProject
Project("{9A19103F-16F7-4668-BE54-9A1E7A4F7556}") = "1_1_MyCalModel", "1_1_MyCalModel\1_1_MyCalModel.csproj", "{DC33EFBB-5365-498B-BD6D-C80296AD30EF}"
EndProject
Project("{F184B08F-C81C-45F6-A57F-5ABD9991F28F}") = "1_1_VBCal", "1_1_VBCal\1_1_VBCal.vbproj", "{E24613AB-AB27-4AFE-8CEF-663989B066EB}"
EndProject
Project("{2150E333-8FDC-42A3-9474-1A3956D46DE8}") = "1", "1", "{2809033B-F11E-49E2-B3E8-94EC06869C3B}"
EndProject
Project("{2150E333-8FDC-42A3-9474-1A3956D46DE8}") = "1_1", "1_1", "{4C6A01FE-7C37-4CD5-85D6-A5AE24FF9970}"
EndProject
Project("{2150E333-8FDC-42A3-9474-1A3956D46DE8}") = "1_0", "1_0", "{966A3E92-D49B-43BE-B0BF-A20DAE03E8C9}"
EndProject
Project("{FAE04EC0-301F-11D3-BF4B-00C04F79EFBC}") = "OOPPK", "OOPPK\OOPPK.csproj", "{2928B423-813C-463C-BFA9-C1BC2ACECD82}"
EndProject
Global
	GlobalSection(SolutionConfigurationPlatforms) = preSolution
		Debug|Any CPU = Debug|Any CPU
		Release|Any CPU = Release|Any CPU
	EndGlobalSection
	GlobalSection(ProjectConfigurationPlatforms) = postSolution
		{EA2CC564-E1E1-4421-88A8-4A7262D3FA66}.Debug|Any CPU.ActiveCfg = Debug|Any CPU
		{EA2CC564-E1E1-4421-88A8-4A7262D3FA66}.Debug|Any CPU.Build.0 = Debug|Any CPU
		{EA2CC564-E1E1-4421-88A8-4A7262D3FA66}.Release|Any CPU.ActiveCfg = Release|Any CPU
		{EA2CC564-E1E1-4421-88A8-4A7262D3FA66}.Release|Any CPU.Build.0 = Release|Any CPU
		{AE042B7D-B0D6-44F3-B5A4-E855FA432C11}.Debug|Any CPU.ActiveCfg = Debug|Any CPU
		{AE042B7D-B0D6-44F3-B5A4-E855FA432C11}.Debug|Any CPU.Build.0 = Debug|Any CPU
		{AE042B7D-B0D6-44F3-B5A4-E855FA432C11}.Release|Any CPU.ActiveCfg = Release|Any CPU
		{AE042B7D-B0D6-44F3-B5A4-E855FA432C11}.Release|Any CPU.Build.0 = Release|Any CPU
		{DC33EFBB-5365-498B-BD6D-C80296AD30EF}.Debug|Any CPU.ActiveCfg = Debug|Any CPU
		{DC33EFBB-5365-498B-BD6D-C80296AD30EF}.Debug|Any CPU.Build.0 = Debug|Any CPU
		{DC33EFBB-5365-498B-BD6D-C80296AD30EF}.Release|Any CPU.ActiveCfg = Release|Any CPU
		{DC33EFBB-5365-498B-BD6D-C80296AD30EF}.Release|Any CPU.Build.0 = Release|Any CPU
		{E24613AB-AB27-4AFE-8CEF-663989B066EB}.Debug|Any CPU.ActiveCfg = Debug|Any CPU
		{E24613AB-AB27-4AFE-8CEF-663989B066EB}.Debug|Any CPU.Build.0 = Debug|Any CPU
		{E24613AB-AB27-4AFE-8CEF-663989B066EB}.Release|Any CPU.ActiveCfg = Release|Any CPU
		{E24613AB-AB27-4AFE-8CEF-663989B066EB}.Release|Any CPU.Build.0 = Release|Any CPU
		{2928B423-813C-463C-BFA9-C1BC2ACECD82}.Debug|Any CPU.ActiveCfg = Debug|Any CPU
		{2928B423-813C-463C-BFA9-C1BC2ACECD82}.Debug|Any CPU.Build.0 = Debug|Any CPU
		{2928B423-813C-463C-BFA9-C1BC2ACECD82}.Release|Any CPU.ActiveCfg = Release|Any CPU
		{2928B423-813C-463C-BFA9-C1BC2ACECD82}.Release|Any CPU.Build.0 = Release|Any CPU
	EndGlobalSection
	GlobalSection(SolutionProperties) = preSolution
		HideSolutionNode = FALSE
	EndGlobalSection
	GlobalSection(NestedProjects) = preSolution
		{EA2CC564-E1E1-4421-88A8-4A7262D3FA66} = {966A3E92-D49B-43BE-B0BF-A20DAE03E8C9}
		{AE042B7D-B0D6-44F3-B5A4-E855FA432C11} = {4C6A01FE-7C37-4CD5-85D6-A5AE24FF9970}
		{DC33EFBB-5365-498B-BD6D-C80296AD30EF} = {4C6A01FE-7C37-4CD5-85D6-A5AE24FF9970}
		{E24613AB-AB27-4AFE-8CEF-663989B066EB} = {4C6A01FE-7C37-4CD5-85D6-A5AE24FF9970}
		{4C6A01FE-7C37-4CD5-85D6-A5AE24FF9970} = {2809033B-F11E-49E2-B3E8-94EC06869C3B}
		{966A3E92-D49B-43BE-B0BF-A20DAE03E8C9} = {2809033B-F11E-49E2-B3E8-94EC06869C3B}
		{2928B423-813C-463C-BFA9-C1BC2ACECD82} = {4C6A01FE-7C37-4CD5-85D6-A5AE24FF9970}
	EndGlobalSection
	GlobalSection(ExtensibilityGlobals) = postSolution
		SolutionGuid = {82719C28-6F0F-40D4-A631-81703669FFF2}
	EndGlobalSection
EndGlobal
