
Microsoft Visual Studio Solution File, Format Version 12.00
# Visual Studio Version 16
VisualStudioVersion = 16.0.30503.244
MinimumVisualStudioVersion = 10.0.40219.1
Project("{FAE04EC0-301F-11D3-BF4B-00C04F79EFBC}") = "1_0_HelloWorld", "HelloWorld\1_0_HelloWorld.csproj", "{EA2CC564-E1E1-4421-88A8-4A7262D3FA66}"
EndProject
Project("{FAE04EC0-301F-11D3-BF4B-00C04F79EFBC}") = "1_1_MyCal", "1_1_MyCal\1_1_MyCal.csproj", "{AE042B7D-B0D6-44F3-B5A4-E855FA432C11}"
EndProject
Project("{9A19103F-16F7-4668-BE54-9A1E7A4F7556}") = "1_1_MyCalModel", "1_1_MyCalModel\1_1_MyCalModel.csproj", "{DC33EFBB-5365-498B-BD6D-C80296AD30EF}"
EndProject
Project("{F184B08F-C81C-45F6-A57F-5ABD9991F28F}") = "1_1_VBCal", "1_1_VBCal\1_1_VBCal.vbproj", "{E24613AB-AB27-4AFE-8CEF-663989B066EB}"
EndProject
Project("{2150E333-8FDC-42A3-9474-1A3956D46DE8}") = "1", "1", "{2809033B-F11E-49E2-B3E8-94EC06869C3B}"
EndProject
Project("{2150E333-8FDC-42A3-9474-1A3956D46DE8}") = "1_1", "1_1", "{4C6A01FE-7C37-4CD5-85D6-A5AE24FF9970}"
EndProject
Project("{2150E333-8FDC-42A3-9474-1A3956D46DE8}") = "1_0", "1_0", "{966A3E92-D49B-43BE-B0BF-A20DAE03E8C9}"
EndProject
Project("{FAE04EC0-301F-11D3-BF4B-00C04F79EFBC}") = "OOPPK", "OOPPK\OOPPK.csproj", "{2928B423-813C-463C-BFA9-C1BC2ACECD82}"
EndProject
Project("{FAE04EC0-301F-11D3-BF4B-00C04F79EFBC}") = "1_1_Test", "1_1_Test\1_1_Test.csproj", "{6ACC19CB-D26D-494F-B5D9-271321526872}"
EndProject
Project("{2150E333-8FDC-42A3-9474-1A3956D46DE8}") = "2", "2", "{B31477E4-B611-4447-B262-B9BD134B1AD2}"
EndProject
Project("{FAE04EC0-301F-11D3-BF4B-00C04F79EFBC}") = "2_1_Student", "2_1_Student\2_1_Student.csproj", "{2B2D0856-B47A-4F50-B479-21F28147E5F5}"
EndProject
Project("{FAE04EC0-301F-11D3-BF4B-00C04F79EFBC}") = "2_2_WinformTest", "2_2_WinformTest\2_2_WinformTest.csproj", "{6A6C7905-B7D7-4FEB-80E2-F8FDE8D90E36}"
EndProject
Project("{FAE04EC0-301F-11D3-BF4B-00C04F79EFBC}") = "2_3_StudentManagePro", "2_3_StudentManagePro\2_3_StudentManagePro.csproj", "{B43ED736-D641-42BA-ACD2-40F1D46883D2}"
EndProject
Project("{FAE04EC0-301F-11D3-BF4B-00C04F79EFBC}") = "2_3_DAL", "2_3_DAL\2_3_DAL.csproj", "{652AA797-43A5-4DA4-B4B0-9D4CCB4BB231}"
EndProject
Project("{FAE04EC0-301F-11D3-BF4B-00C04F79EFBC}") = "2_3_Models", "2_3_Models\2_3_Models.csproj", "{E00ED727-E4AF-45FA-9AC4-12073B54BBBF}"
EndProject
Project("{FAE04EC0-301F-11D3-BF4B-00C04F79EFBC}") = "2_4_FrmFile", "2_4_FrmFile\2_4_FrmFile.csproj", "{FC1A3C61-6247-48B9-B1F4-169799B19A09}"
EndProject
Project("{FAE04EC0-301F-11D3-BF4B-00C04F79EFBC}") = "2_5_SaveInstance", "2_5_SaveInstance\2_5_SaveInstance.csproj", "{1683CA04-78F6-426B-8E7C-8464CC574E15}"
EndProject
Project("{FAE04EC0-301F-11D3-BF4B-00C04F79EFBC}") = "2_6_XML", "2_6_XML\2_6_XML.csproj", "{4A772FBB-F692-4D7C-B746-9C5AEB6998E2}"
EndProject
Project("{FAE04EC0-301F-11D3-BF4B-00C04F79EFBC}") = "2_7_TeachDemo", "2_7_TeachDemo\2_7_TeachDemo.csproj", "{0A8FC249-30F3-4AD4-9078-5152C8D5A7F9}"
EndProject
Project("{2150E333-8FDC-42A3-9474-1A3956D46DE8}") = "3", "3", "{E1428D70-0F89-429F-BB98-C31F59864552}"
EndProject
Project("{FAE04EC0-301F-11D3-BF4B-00C04F79EFBC}") = "3_1_ADO.NetDemo", "3_1_ADO.NetDemo\3_1_ADO.NetDemo.csproj", "{FE5872C2-479E-42C5-A685-26584BBD5EFC}"
EndProject
Project("{FAE04EC0-301F-11D3-BF4B-00C04F79EFBC}") = "3_1_WFDemo", "3_1_WFDemo\3_1_WFDemo.csproj", "{68952DBA-99C5-43B6-B8CC-11B58A530724}"
EndProject
Project("{FAE04EC0-301F-11D3-BF4B-00C04F79EFBC}") = "3_2_CalDemo", "3_2_CalDemo\3_2_CalDemo.csproj", "{31E89FBD-2C9C-4669-9039-F290FCE25831}"
EndProject
Project("{FAE04EC0-301F-11D3-BF4B-00C04F79EFBC}") = "3_2_CalDll", "3_2_CalDll\3_2_CalDll.csproj", "{3BE2A2A7-06E0-4A32-BAB2-C4C434ADA896}"
EndProject
Project("{F184B08F-C81C-45F6-A57F-5ABD9991F28F}") = "3_2_VBDll", "3_2_VBDll\3_2_VBDll.vbproj", "{4F27A87A-5063-4844-B2BB-FA5A9C0C5455}"
EndProject
Project("{2150E333-8FDC-42A3-9474-1A3956D46DE8}") = "3_3", "3_3", "{FBE71985-FD4D-4BDB-B6D9-4889E9D6E864}"
EndProject
Project("{FAE04EC0-301F-11D3-BF4B-00C04F79EFBC}") = "StudentManager", "StudentManager\StudentManager\StudentManager.csproj", "{86602566-2F39-4DB5-9B43-F6A87C397788}"
EndProject
Project("{FAE04EC0-301F-11D3-BF4B-00C04F79EFBC}") = "3_3_DAL", "3_3_DAL\3_3_DAL.csproj", "{9D3D0880-A956-420E-87D5-D5AD662C409D}"
EndProject
Project("{FAE04EC0-301F-11D3-BF4B-00C04F79EFBC}") = "3_3_Models", "3_3_Models\3_3_Models.csproj", "{E975658C-2EE7-4E3A-B6EC-182CE3D692CC}"
EndProject
Global
	GlobalSection(SolutionConfigurationPlatforms) = preSolution
		Debug|Any CPU = Debug|Any CPU
		Debug|x86 = Debug|x86
		Release|Any CPU = Release|Any CPU
		Release|x86 = Release|x86
	EndGlobalSection
	GlobalSection(ProjectConfigurationPlatforms) = postSolution
		{EA2CC564-E1E1-4421-88A8-4A7262D3FA66}.Debug|Any CPU.ActiveCfg = Debug|Any CPU
		{EA2CC564-E1E1-4421-88A8-4A7262D3FA66}.Debug|Any CPU.Build.0 = Debug|Any CPU
		{EA2CC564-E1E1-4421-88A8-4A7262D3FA66}.Debug|x86.ActiveCfg = Debug|Any CPU
		{EA2CC564-E1E1-4421-88A8-4A7262D3FA66}.Debug|x86.Build.0 = Debug|Any CPU
		{EA2CC564-E1E1-4421-88A8-4A7262D3FA66}.Release|Any CPU.ActiveCfg = Release|Any CPU
		{EA2CC564-E1E1-4421-88A8-4A7262D3FA66}.Release|Any CPU.Build.0 = Release|Any CPU
		{EA2CC564-E1E1-4421-88A8-4A7262D3FA66}.Release|x86.ActiveCfg = Release|Any CPU
		{EA2CC564-E1E1-4421-88A8-4A7262D3FA66}.Release|x86.Build.0 = Release|Any CPU
		{AE042B7D-B0D6-44F3-B5A4-E855FA432C11}.Debug|Any CPU.ActiveCfg = Debug|Any CPU
		{AE042B7D-B0D6-44F3-B5A4-E855FA432C11}.Debug|Any CPU.Build.0 = Debug|Any CPU
		{AE042B7D-B0D6-44F3-B5A4-E855FA432C11}.Debug|x86.ActiveCfg = Debug|Any CPU
		{AE042B7D-B0D6-44F3-B5A4-E855FA432C11}.Debug|x86.Build.0 = Debug|Any CPU
		{AE042B7D-B0D6-44F3-B5A4-E855FA432C11}.Release|Any CPU.ActiveCfg = Release|Any CPU
		{AE042B7D-B0D6-44F3-B5A4-E855FA432C11}.Release|Any CPU.Build.0 = Release|Any CPU
		{AE042B7D-B0D6-44F3-B5A4-E855FA432C11}.Release|x86.ActiveCfg = Release|Any CPU
		{AE042B7D-B0D6-44F3-B5A4-E855FA432C11}.Release|x86.Build.0 = Release|Any CPU
		{DC33EFBB-5365-498B-BD6D-C80296AD30EF}.Debug|Any CPU.ActiveCfg = Debug|Any CPU
		{DC33EFBB-5365-498B-BD6D-C80296AD30EF}.Debug|Any CPU.Build.0 = Debug|Any CPU
		{DC33EFBB-5365-498B-BD6D-C80296AD30EF}.Debug|x86.ActiveCfg = Debug|Any CPU
		{DC33EFBB-5365-498B-BD6D-C80296AD30EF}.Debug|x86.Build.0 = Debug|Any CPU
		{DC33EFBB-5365-498B-BD6D-C80296AD30EF}.Release|Any CPU.ActiveCfg = Release|Any CPU
		{DC33EFBB-5365-498B-BD6D-C80296AD30EF}.Release|Any CPU.Build.0 = Release|Any CPU
		{DC33EFBB-5365-498B-BD6D-C80296AD30EF}.Release|x86.ActiveCfg = Release|Any CPU
		{DC33EFBB-5365-498B-BD6D-C80296AD30EF}.Release|x86.Build.0 = Release|Any CPU
		{E24613AB-AB27-4AFE-8CEF-663989B066EB}.Debug|Any CPU.ActiveCfg = Debug|Any CPU
		{E24613AB-AB27-4AFE-8CEF-663989B066EB}.Debug|Any CPU.Build.0 = Debug|Any CPU
		{E24613AB-AB27-4AFE-8CEF-663989B066EB}.Debug|x86.ActiveCfg = Debug|Any CPU
		{E24613AB-AB27-4AFE-8CEF-663989B066EB}.Debug|x86.Build.0 = Debug|Any CPU
		{E24613AB-AB27-4AFE-8CEF-663989B066EB}.Release|Any CPU.ActiveCfg = Release|Any CPU
		{E24613AB-AB27-4AFE-8CEF-663989B066EB}.Release|Any CPU.Build.0 = Release|Any CPU
		{E24613AB-AB27-4AFE-8CEF-663989B066EB}.Release|x86.ActiveCfg = Release|Any CPU
		{E24613AB-AB27-4AFE-8CEF-663989B066EB}.Release|x86.Build.0 = Release|Any CPU
		{2928B423-813C-463C-BFA9-C1BC2ACECD82}.Debug|Any CPU.ActiveCfg = Debug|Any CPU
		{2928B423-813C-463C-BFA9-C1BC2ACECD82}.Debug|Any CPU.Build.0 = Debug|Any CPU
		{2928B423-813C-463C-BFA9-C1BC2ACECD82}.Debug|x86.ActiveCfg = Debug|Any CPU
		{2928B423-813C-463C-BFA9-C1BC2ACECD82}.Debug|x86.Build.0 = Debug|Any CPU
		{2928B423-813C-463C-BFA9-C1BC2ACECD82}.Release|Any CPU.ActiveCfg = Release|Any CPU
		{2928B423-813C-463C-BFA9-C1BC2ACECD82}.Release|Any CPU.Build.0 = Release|Any CPU
		{2928B423-813C-463C-BFA9-C1BC2ACECD82}.Release|x86.ActiveCfg = Release|Any CPU
		{2928B423-813C-463C-BFA9-C1BC2ACECD82}.Release|x86.Build.0 = Release|Any CPU
		{6ACC19CB-D26D-494F-B5D9-271321526872}.Debug|Any CPU.ActiveCfg = Debug|Any CPU
		{6ACC19CB-D26D-494F-B5D9-271321526872}.Debug|Any CPU.Build.0 = Debug|Any CPU
		{6ACC19CB-D26D-494F-B5D9-271321526872}.Debug|x86.ActiveCfg = Debug|Any CPU
		{6ACC19CB-D26D-494F-B5D9-271321526872}.Debug|x86.Build.0 = Debug|Any CPU
		{6ACC19CB-D26D-494F-B5D9-271321526872}.Release|Any CPU.ActiveCfg = Release|Any CPU
		{6ACC19CB-D26D-494F-B5D9-271321526872}.Release|Any CPU.Build.0 = Release|Any CPU
		{6ACC19CB-D26D-494F-B5D9-271321526872}.Release|x86.ActiveCfg = Release|Any CPU
		{6ACC19CB-D26D-494F-B5D9-271321526872}.Release|x86.Build.0 = Release|Any CPU
		{2B2D0856-B47A-4F50-B479-21F28147E5F5}.Debug|Any CPU.ActiveCfg = Debug|Any CPU
		{2B2D0856-B47A-4F50-B479-21F28147E5F5}.Debug|Any CPU.Build.0 = Debug|Any CPU
		{2B2D0856-B47A-4F50-B479-21F28147E5F5}.Debug|x86.ActiveCfg = Debug|Any CPU
		{2B2D0856-B47A-4F50-B479-21F28147E5F5}.Debug|x86.Build.0 = Debug|Any CPU
		{2B2D0856-B47A-4F50-B479-21F28147E5F5}.Release|Any CPU.ActiveCfg = Release|Any CPU
		{2B2D0856-B47A-4F50-B479-21F28147E5F5}.Release|Any CPU.Build.0 = Release|Any CPU
		{2B2D0856-B47A-4F50-B479-21F28147E5F5}.Release|x86.ActiveCfg = Release|Any CPU
		{2B2D0856-B47A-4F50-B479-21F28147E5F5}.Release|x86.Build.0 = Release|Any CPU
		{6A6C7905-B7D7-4FEB-80E2-F8FDE8D90E36}.Debug|Any CPU.ActiveCfg = Debug|Any CPU
		{6A6C7905-B7D7-4FEB-80E2-F8FDE8D90E36}.Debug|Any CPU.Build.0 = Debug|Any CPU
		{6A6C7905-B7D7-4FEB-80E2-F8FDE8D90E36}.Debug|x86.ActiveCfg = Debug|Any CPU
		{6A6C7905-B7D7-4FEB-80E2-F8FDE8D90E36}.Debug|x86.Build.0 = Debug|Any CPU
		{6A6C7905-B7D7-4FEB-80E2-F8FDE8D90E36}.Release|Any CPU.ActiveCfg = Release|Any CPU
		{6A6C7905-B7D7-4FEB-80E2-F8FDE8D90E36}.Release|Any CPU.Build.0 = Release|Any CPU
		{6A6C7905-B7D7-4FEB-80E2-F8FDE8D90E36}.Release|x86.ActiveCfg = Release|Any CPU
		{6A6C7905-B7D7-4FEB-80E2-F8FDE8D90E36}.Release|x86.Build.0 = Release|Any CPU
		{B43ED736-D641-42BA-ACD2-40F1D46883D2}.Debug|Any CPU.ActiveCfg = Debug|Any CPU
		{B43ED736-D641-42BA-ACD2-40F1D46883D2}.Debug|Any CPU.Build.0 = Debug|Any CPU
		{B43ED736-D641-42BA-ACD2-40F1D46883D2}.Debug|x86.ActiveCfg = Debug|Any CPU
		{B43ED736-D641-42BA-ACD2-40F1D46883D2}.Debug|x86.Build.0 = Debug|Any CPU
		{B43ED736-D641-42BA-ACD2-40F1D46883D2}.Release|Any CPU.ActiveCfg = Release|Any CPU
		{B43ED736-D641-42BA-ACD2-40F1D46883D2}.Release|Any CPU.Build.0 = Release|Any CPU
		{B43ED736-D641-42BA-ACD2-40F1D46883D2}.Release|x86.ActiveCfg = Release|Any CPU
		{B43ED736-D641-42BA-ACD2-40F1D46883D2}.Release|x86.Build.0 = Release|Any CPU
		{652AA797-43A5-4DA4-B4B0-9D4CCB4BB231}.Debug|Any CPU.ActiveCfg = Debug|Any CPU
		{652AA797-43A5-4DA4-B4B0-9D4CCB4BB231}.Debug|Any CPU.Build.0 = Debug|Any CPU
		{652AA797-43A5-4DA4-B4B0-9D4CCB4BB231}.Debug|x86.ActiveCfg = Debug|Any CPU
		{652AA797-43A5-4DA4-B4B0-9D4CCB4BB231}.Debug|x86.Build.0 = Debug|Any CPU
		{652AA797-43A5-4DA4-B4B0-9D4CCB4BB231}.Release|Any CPU.ActiveCfg = Release|Any CPU
		{652AA797-43A5-4DA4-B4B0-9D4CCB4BB231}.Release|Any CPU.Build.0 = Release|Any CPU
		{652AA797-43A5-4DA4-B4B0-9D4CCB4BB231}.Release|x86.ActiveCfg = Release|Any CPU
		{652AA797-43A5-4DA4-B4B0-9D4CCB4BB231}.Release|x86.Build.0 = Release|Any CPU
		{E00ED727-E4AF-45FA-9AC4-12073B54BBBF}.Debug|Any CPU.ActiveCfg = Debug|Any CPU
		{E00ED727-E4AF-45FA-9AC4-12073B54BBBF}.Debug|Any CPU.Build.0 = Debug|Any CPU
		{E00ED727-E4AF-45FA-9AC4-12073B54BBBF}.Debug|x86.ActiveCfg = Debug|Any CPU
		{E00ED727-E4AF-45FA-9AC4-12073B54BBBF}.Debug|x86.Build.0 = Debug|Any CPU
		{E00ED727-E4AF-45FA-9AC4-12073B54BBBF}.Release|Any CPU.ActiveCfg = Release|Any CPU
		{E00ED727-E4AF-45FA-9AC4-12073B54BBBF}.Release|Any CPU.Build.0 = Release|Any CPU
		{E00ED727-E4AF-45FA-9AC4-12073B54BBBF}.Release|x86.ActiveCfg = Release|Any CPU
		{E00ED727-E4AF-45FA-9AC4-12073B54BBBF}.Release|x86.Build.0 = Release|Any CPU
		{FC1A3C61-6247-48B9-B1F4-169799B19A09}.Debug|Any CPU.ActiveCfg = Debug|Any CPU
		{FC1A3C61-6247-48B9-B1F4-169799B19A09}.Debug|Any CPU.Build.0 = Debug|Any CPU
		{FC1A3C61-6247-48B9-B1F4-169799B19A09}.Debug|x86.ActiveCfg = Debug|Any CPU
		{FC1A3C61-6247-48B9-B1F4-169799B19A09}.Debug|x86.Build.0 = Debug|Any CPU
		{FC1A3C61-6247-48B9-B1F4-169799B19A09}.Release|Any CPU.ActiveCfg = Release|Any CPU
		{FC1A3C61-6247-48B9-B1F4-169799B19A09}.Release|Any CPU.Build.0 = Release|Any CPU
		{FC1A3C61-6247-48B9-B1F4-169799B19A09}.Release|x86.ActiveCfg = Release|Any CPU
		{FC1A3C61-6247-48B9-B1F4-169799B19A09}.Release|x86.Build.0 = Release|Any CPU
		{1683CA04-78F6-426B-8E7C-8464CC574E15}.Debug|Any CPU.ActiveCfg = Debug|Any CPU
		{1683CA04-78F6-426B-8E7C-8464CC574E15}.Debug|Any CPU.Build.0 = Debug|Any CPU
		{1683CA04-78F6-426B-8E7C-8464CC574E15}.Debug|x86.ActiveCfg = Debug|Any CPU
		{1683CA04-78F6-426B-8E7C-8464CC574E15}.Debug|x86.Build.0 = Debug|Any CPU
		{1683CA04-78F6-426B-8E7C-8464CC574E15}.Release|Any CPU.ActiveCfg = Release|Any CPU
		{1683CA04-78F6-426B-8E7C-8464CC574E15}.Release|Any CPU.Build.0 = Release|Any CPU
		{1683CA04-78F6-426B-8E7C-8464CC574E15}.Release|x86.ActiveCfg = Release|Any CPU
		{1683CA04-78F6-426B-8E7C-8464CC574E15}.Release|x86.Build.0 = Release|Any CPU
		{4A772FBB-F692-4D7C-B746-9C5AEB6998E2}.Debug|Any CPU.ActiveCfg = Debug|Any CPU
		{4A772FBB-F692-4D7C-B746-9C5AEB6998E2}.Debug|Any CPU.Build.0 = Debug|Any CPU
		{4A772FBB-F692-4D7C-B746-9C5AEB6998E2}.Debug|x86.ActiveCfg = Debug|Any CPU
		{4A772FBB-F692-4D7C-B746-9C5AEB6998E2}.Debug|x86.Build.0 = Debug|Any CPU
		{4A772FBB-F692-4D7C-B746-9C5AEB6998E2}.Release|Any CPU.ActiveCfg = Release|Any CPU
		{4A772FBB-F692-4D7C-B746-9C5AEB6998E2}.Release|Any CPU.Build.0 = Release|Any CPU
		{4A772FBB-F692-4D7C-B746-9C5AEB6998E2}.Release|x86.ActiveCfg = Release|Any CPU
		{4A772FBB-F692-4D7C-B746-9C5AEB6998E2}.Release|x86.Build.0 = Release|Any CPU
		{0A8FC249-30F3-4AD4-9078-5152C8D5A7F9}.Debug|Any CPU.ActiveCfg = Debug|Any CPU
		{0A8FC249-30F3-4AD4-9078-5152C8D5A7F9}.Debug|Any CPU.Build.0 = Debug|Any CPU
		{0A8FC249-30F3-4AD4-9078-5152C8D5A7F9}.Debug|x86.ActiveCfg = Debug|Any CPU
		{0A8FC249-30F3-4AD4-9078-5152C8D5A7F9}.Debug|x86.Build.0 = Debug|Any CPU
		{0A8FC249-30F3-4AD4-9078-5152C8D5A7F9}.Release|Any CPU.ActiveCfg = Release|Any CPU
		{0A8FC249-30F3-4AD4-9078-5152C8D5A7F9}.Release|Any CPU.Build.0 = Release|Any CPU
		{0A8FC249-30F3-4AD4-9078-5152C8D5A7F9}.Release|x86.ActiveCfg = Release|Any CPU
		{0A8FC249-30F3-4AD4-9078-5152C8D5A7F9}.Release|x86.Build.0 = Release|Any CPU
		{FE5872C2-479E-42C5-A685-26584BBD5EFC}.Debug|Any CPU.ActiveCfg = Debug|Any CPU
		{FE5872C2-479E-42C5-A685-26584BBD5EFC}.Debug|Any CPU.Build.0 = Debug|Any CPU
		{FE5872C2-479E-42C5-A685-26584BBD5EFC}.Debug|x86.ActiveCfg = Debug|Any CPU
		{FE5872C2-479E-42C5-A685-26584BBD5EFC}.Debug|x86.Build.0 = Debug|Any CPU
		{FE5872C2-479E-42C5-A685-26584BBD5EFC}.Release|Any CPU.ActiveCfg = Release|Any CPU
		{FE5872C2-479E-42C5-A685-26584BBD5EFC}.Release|Any CPU.Build.0 = Release|Any CPU
		{FE5872C2-479E-42C5-A685-26584BBD5EFC}.Release|x86.ActiveCfg = Release|Any CPU
		{FE5872C2-479E-42C5-A685-26584BBD5EFC}.Release|x86.Build.0 = Release|Any CPU
		{68952DBA-99C5-43B6-B8CC-11B58A530724}.Debug|Any CPU.ActiveCfg = Debug|Any CPU
		{68952DBA-99C5-43B6-B8CC-11B58A530724}.Debug|Any CPU.Build.0 = Debug|Any CPU
		{68952DBA-99C5-43B6-B8CC-11B58A530724}.Debug|x86.ActiveCfg = Debug|Any CPU
		{68952DBA-99C5-43B6-B8CC-11B58A530724}.Debug|x86.Build.0 = Debug|Any CPU
		{68952DBA-99C5-43B6-B8CC-11B58A530724}.Release|Any CPU.ActiveCfg = Release|Any CPU
		{68952DBA-99C5-43B6-B8CC-11B58A530724}.Release|Any CPU.Build.0 = Release|Any CPU
		{68952DBA-99C5-43B6-B8CC-11B58A530724}.Release|x86.ActiveCfg = Release|Any CPU
		{68952DBA-99C5-43B6-B8CC-11B58A530724}.Release|x86.Build.0 = Release|Any CPU
		{31E89FBD-2C9C-4669-9039-F290FCE25831}.Debug|Any CPU.ActiveCfg = Debug|Any CPU
		{31E89FBD-2C9C-4669-9039-F290FCE25831}.Debug|Any CPU.Build.0 = Debug|Any CPU
		{31E89FBD-2C9C-4669-9039-F290FCE25831}.Debug|x86.ActiveCfg = Debug|Any CPU
		{31E89FBD-2C9C-4669-9039-F290FCE25831}.Debug|x86.Build.0 = Debug|Any CPU
		{31E89FBD-2C9C-4669-9039-F290FCE25831}.Release|Any CPU.ActiveCfg = Release|Any CPU
		{31E89FBD-2C9C-4669-9039-F290FCE25831}.Release|Any CPU.Build.0 = Release|Any CPU
		{31E89FBD-2C9C-4669-9039-F290FCE25831}.Release|x86.ActiveCfg = Release|Any CPU
		{31E89FBD-2C9C-4669-9039-F290FCE25831}.Release|x86.Build.0 = Release|Any CPU
		{3BE2A2A7-06E0-4A32-BAB2-C4C434ADA896}.Debug|Any CPU.ActiveCfg = Debug|Any CPU
		{3BE2A2A7-06E0-4A32-BAB2-C4C434ADA896}.Debug|Any CPU.Build.0 = Debug|Any CPU
		{3BE2A2A7-06E0-4A32-BAB2-C4C434ADA896}.Debug|x86.ActiveCfg = Debug|Any CPU
		{3BE2A2A7-06E0-4A32-BAB2-C4C434ADA896}.Debug|x86.Build.0 = Debug|Any CPU
		{3BE2A2A7-06E0-4A32-BAB2-C4C434ADA896}.Release|Any CPU.ActiveCfg = Release|Any CPU
		{3BE2A2A7-06E0-4A32-BAB2-C4C434ADA896}.Release|Any CPU.Build.0 = Release|Any CPU
		{3BE2A2A7-06E0-4A32-BAB2-C4C434ADA896}.Release|x86.ActiveCfg = Release|Any CPU
		{3BE2A2A7-06E0-4A32-BAB2-C4C434ADA896}.Release|x86.Build.0 = Release|Any CPU
		{4F27A87A-5063-4844-B2BB-FA5A9C0C5455}.Debug|Any CPU.ActiveCfg = Debug|Any CPU
		{4F27A87A-5063-4844-B2BB-FA5A9C0C5455}.Debug|Any CPU.Build.0 = Debug|Any CPU
		{4F27A87A-5063-4844-B2BB-FA5A9C0C5455}.Debug|x86.ActiveCfg = Debug|Any CPU
		{4F27A87A-5063-4844-B2BB-FA5A9C0C5455}.Debug|x86.Build.0 = Debug|Any CPU
		{4F27A87A-5063-4844-B2BB-FA5A9C0C5455}.Release|Any CPU.ActiveCfg = Release|Any CPU
		{4F27A87A-5063-4844-B2BB-FA5A9C0C5455}.Release|Any CPU.Build.0 = Release|Any CPU
		{4F27A87A-5063-4844-B2BB-FA5A9C0C5455}.Release|x86.ActiveCfg = Release|Any CPU
		{4F27A87A-5063-4844-B2BB-FA5A9C0C5455}.Release|x86.Build.0 = Release|Any CPU
		{86602566-2F39-4DB5-9B43-F6A87C397788}.Debug|Any CPU.ActiveCfg = Debug|x86
		{86602566-2F39-4DB5-9B43-F6A87C397788}.Debug|Any CPU.Build.0 = Debug|x86
		{86602566-2F39-4DB5-9B43-F6A87C397788}.Debug|x86.ActiveCfg = Debug|x86
		{86602566-2F39-4DB5-9B43-F6A87C397788}.Debug|x86.Build.0 = Debug|x86
		{86602566-2F39-4DB5-9B43-F6A87C397788}.Release|Any CPU.ActiveCfg = Release|x86
		{86602566-2F39-4DB5-9B43-F6A87C397788}.Release|x86.ActiveCfg = Release|x86
		{86602566-2F39-4DB5-9B43-F6A87C397788}.Release|x86.Build.0 = Release|x86
		{9D3D0880-A956-420E-87D5-D5AD662C409D}.Debug|Any CPU.ActiveCfg = Debug|Any CPU
		{9D3D0880-A956-420E-87D5-D5AD662C409D}.Debug|Any CPU.Build.0 = Debug|Any CPU
		{9D3D0880-A956-420E-87D5-D5AD662C409D}.Debug|x86.ActiveCfg = Debug|Any CPU
		{9D3D0880-A956-420E-87D5-D5AD662C409D}.Debug|x86.Build.0 = Debug|Any CPU
		{9D3D0880-A956-420E-87D5-D5AD662C409D}.Release|Any CPU.ActiveCfg = Release|Any CPU
		{9D3D0880-A956-420E-87D5-D5AD662C409D}.Release|Any CPU.Build.0 = Release|Any CPU
		{9D3D0880-A956-420E-87D5-D5AD662C409D}.Release|x86.ActiveCfg = Release|Any CPU
		{9D3D0880-A956-420E-87D5-D5AD662C409D}.Release|x86.Build.0 = Release|Any CPU
		{E975658C-2EE7-4E3A-B6EC-182CE3D692CC}.Debug|Any CPU.ActiveCfg = Debug|Any CPU
		{E975658C-2EE7-4E3A-B6EC-182CE3D692CC}.Debug|Any CPU.Build.0 = Debug|Any CPU
		{E975658C-2EE7-4E3A-B6EC-182CE3D692CC}.Debug|x86.ActiveCfg = Debug|Any CPU
		{E975658C-2EE7-4E3A-B6EC-182CE3D692CC}.Debug|x86.Build.0 = Debug|Any CPU
		{E975658C-2EE7-4E3A-B6EC-182CE3D692CC}.Release|Any CPU.ActiveCfg = Release|Any CPU
		{E975658C-2EE7-4E3A-B6EC-182CE3D692CC}.Release|Any CPU.Build.0 = Release|Any CPU
		{E975658C-2EE7-4E3A-B6EC-182CE3D692CC}.Release|x86.ActiveCfg = Release|Any CPU
		{E975658C-2EE7-4E3A-B6EC-182CE3D692CC}.Release|x86.Build.0 = Release|Any CPU
	EndGlobalSection
	GlobalSection(SolutionProperties) = preSolution
		HideSolutionNode = FALSE
	EndGlobalSection
	GlobalSection(NestedProjects) = preSolution
		{EA2CC564-E1E1-4421-88A8-4A7262D3FA66} = {966A3E92-D49B-43BE-B0BF-A20DAE03E8C9}
		{AE042B7D-B0D6-44F3-B5A4-E855FA432C11} = {4C6A01FE-7C37-4CD5-85D6-A5AE24FF9970}
		{DC33EFBB-5365-498B-BD6D-C80296AD30EF} = {4C6A01FE-7C37-4CD5-85D6-A5AE24FF9970}
		{E24613AB-AB27-4AFE-8CEF-663989B066EB} = {4C6A01FE-7C37-4CD5-85D6-A5AE24FF9970}
		{4C6A01FE-7C37-4CD5-85D6-A5AE24FF9970} = {2809033B-F11E-49E2-B3E8-94EC06869C3B}
		{966A3E92-D49B-43BE-B0BF-A20DAE03E8C9} = {2809033B-F11E-49E2-B3E8-94EC06869C3B}
		{2928B423-813C-463C-BFA9-C1BC2ACECD82} = {4C6A01FE-7C37-4CD5-85D6-A5AE24FF9970}
		{6ACC19CB-D26D-494F-B5D9-271321526872} = {4C6A01FE-7C37-4CD5-85D6-A5AE24FF9970}
		{2B2D0856-B47A-4F50-B479-21F28147E5F5} = {B31477E4-B611-4447-B262-B9BD134B1AD2}
		{6A6C7905-B7D7-4FEB-80E2-F8FDE8D90E36} = {B31477E4-B611-4447-B262-B9BD134B1AD2}
		{B43ED736-D641-42BA-ACD2-40F1D46883D2} = {B31477E4-B611-4447-B262-B9BD134B1AD2}
		{652AA797-43A5-4DA4-B4B0-9D4CCB4BB231} = {B31477E4-B611-4447-B262-B9BD134B1AD2}
		{E00ED727-E4AF-45FA-9AC4-12073B54BBBF} = {B31477E4-B611-4447-B262-B9BD134B1AD2}
		{FC1A3C61-6247-48B9-B1F4-169799B19A09} = {B31477E4-B611-4447-B262-B9BD134B1AD2}
		{1683CA04-78F6-426B-8E7C-8464CC574E15} = {B31477E4-B611-4447-B262-B9BD134B1AD2}
		{4A772FBB-F692-4D7C-B746-9C5AEB6998E2} = {B31477E4-B611-4447-B262-B9BD134B1AD2}
		{0A8FC249-30F3-4AD4-9078-5152C8D5A7F9} = {B31477E4-B611-4447-B262-B9BD134B1AD2}
		{FE5872C2-479E-42C5-A685-26584BBD5EFC} = {E1428D70-0F89-429F-BB98-C31F59864552}
		{68952DBA-99C5-43B6-B8CC-11B58A530724} = {E1428D70-0F89-429F-BB98-C31F59864552}
		{31E89FBD-2C9C-4669-9039-F290FCE25831} = {E1428D70-0F89-429F-BB98-C31F59864552}
		{3BE2A2A7-06E0-4A32-BAB2-C4C434ADA896} = {E1428D70-0F89-429F-BB98-C31F59864552}
		{4F27A87A-5063-4844-B2BB-FA5A9C0C5455} = {E1428D70-0F89-429F-BB98-C31F59864552}
		{86602566-2F39-4DB5-9B43-F6A87C397788} = {FBE71985-FD4D-4BDB-B6D9-4889E9D6E864}
		{9D3D0880-A956-420E-87D5-D5AD662C409D} = {FBE71985-FD4D-4BDB-B6D9-4889E9D6E864}
		{E975658C-2EE7-4E3A-B6EC-182CE3D692CC} = {FBE71985-FD4D-4BDB-B6D9-4889E9D6E864}
	EndGlobalSection
	GlobalSection(ExtensibilityGlobals) = postSolution
		SolutionGuid = {82719C28-6F0F-40D4-A631-81703669FFF2}
	EndGlobalSection
EndGlobal
